
Microsoft Visual Studio Solution File, Format Version 12.00
# Visual Studio Version 17
VisualStudioVersion = 17.8.34330.188
MinimumVisualStudioVersion = 10.0.40219.1
Project("{9A19103F-16F7-4668-BE54-9A1E7A4F7557}") = "UrlShortener.Orleans.GuidAlg.Net7.0.Persistent.Ram", "UrlShortener.Orleans.GuidAlg.Net7.0.Persistent.Ram.csproj", "{917D4409-4AB8-41B8-B13F-D66A2AB60DD1}"
EndProject
Global
	GlobalSection(SolutionConfigurationPlatforms) = preSolution
		Debug|Any CPU = Debug|Any CPU
		Release|Any CPU = Release|Any CPU
	EndGlobalSection
	GlobalSection(ProjectConfigurationPlatforms) = postSolution
		{917D4409-4AB8-41B8-B13F-D66A2AB60DD1}.Debug|Any CPU.ActiveCfg = Debug|Any CPU
		{917D4409-4AB8-41B8-B13F-D66A2AB60DD1}.Debug|Any CPU.Build.0 = Debug|Any CPU
		{917D4409-4AB8-41B8-B13F-D66A2AB60DD1}.Release|Any CPU.ActiveCfg = Release|Any CPU
		{917D4409-4AB8-41B8-B13F-D66A2AB60DD1}.Release|Any CPU.Build.0 = Release|Any CPU
	EndGlobalSection
	GlobalSection(SolutionProperties) = preSolution
		HideSolutionNode = FALSE
	EndGlobalSection
	GlobalSection(ExtensibilityGlobals) = postSolution
		SolutionGuid = {FE87AAF1-2ED8-49AB-95A7-086956C60D46}
	EndGlobalSection
EndGlobal
