
Microsoft Visual Studio Solution File, Format Version 12.00
# Visual Studio Version 17
VisualStudioVersion = 17.8.34330.188
MinimumVisualStudioVersion = 10.0.40219.1
Project("{9A19103F-16F7-4668-BE54-9A1E7A4F7556}") = "UrlShortener.MinimalWebApi.RandomFixAlg.Net8.0.Persistent.Mongodb", "src\UrlShortener.MinimalWebApi.RandomFixAlg.Net8.0.Persistent.Mongodb.csproj", "{7F3C7B6A-479E-48ED-99B9-7528778F09F6}"
EndProject
Project("{E53339B2-1760-4266-BCC7-CA923CBCF16C}") = "docker-compose", "docker-compose.dcproj", "{FA52EADD-35C1-455D-870E-37B7138A1AC2}"
EndProject
Global
	GlobalSection(SolutionConfigurationPlatforms) = preSolution
		Debug|Any CPU = Debug|Any CPU
		Release|Any CPU = Release|Any CPU
	EndGlobalSection
	GlobalSection(ProjectConfigurationPlatforms) = postSolution
		{7F3C7B6A-479E-48ED-99B9-7528778F09F6}.Debug|Any CPU.ActiveCfg = Debug|Any CPU
		{7F3C7B6A-479E-48ED-99B9-7528778F09F6}.Debug|Any CPU.Build.0 = Debug|Any CPU
		{7F3C7B6A-479E-48ED-99B9-7528778F09F6}.Release|Any CPU.ActiveCfg = Release|Any CPU
		{7F3C7B6A-479E-48ED-99B9-7528778F09F6}.Release|Any CPU.Build.0 = Release|Any CPU
		{FA52EADD-35C1-455D-870E-37B7138A1AC2}.Debug|Any CPU.ActiveCfg = Debug|Any CPU
		{FA52EADD-35C1-455D-870E-37B7138A1AC2}.Debug|Any CPU.Build.0 = Debug|Any CPU
		{FA52EADD-35C1-455D-870E-37B7138A1AC2}.Release|Any CPU.ActiveCfg = Release|Any CPU
		{FA52EADD-35C1-455D-870E-37B7138A1AC2}.Release|Any CPU.Build.0 = Release|Any CPU
	EndGlobalSection
	GlobalSection(SolutionProperties) = preSolution
		HideSolutionNode = FALSE
	EndGlobalSection
	GlobalSection(ExtensibilityGlobals) = postSolution
		SolutionGuid = {F1C971AD-390C-4580-9B91-B60FDB7057AF}
	EndGlobalSection
EndGlobal
